
Microsoft Visual Studio Solution File, Format Version 12.00
# Visual Studio Version 16
VisualStudioVersion = 16.0.31729.503
MinimumVisualStudioVersion = 10.0.40219.1
Project("{8BC9CEB8-8B4A-11D0-8D11-00A0C91BC942}") = "BankingTermProjectPt1", "BankingTermProjectPt1\BankingTermProjectPt1.vcxproj", "{617E2A5C-0CFB-4368-881A-393094143C37}"
EndProject
Global
	GlobalSection(SolutionConfigurationPlatforms) = preSolution
		Debug|x64 = Debug|x64
		Debug|x86 = Debug|x86
		Release|x64 = Release|x64
		Release|x86 = Release|x86
	EndGlobalSection
	GlobalSection(ProjectConfigurationPlatforms) = postSolution
		{617E2A5C-0CFB-4368-881A-393094143C37}.Debug|x64.ActiveCfg = Debug|x64
		{617E2A5C-0CFB-4368-881A-393094143C37}.Debug|x64.Build.0 = Debug|x64
		{617E2A5C-0CFB-4368-881A-393094143C37}.Debug|x86.ActiveCfg = Debug|Win32
		{617E2A5C-0CFB-4368-881A-393094143C37}.Debug|x86.Build.0 = Debug|Win32
		{617E2A5C-0CFB-4368-881A-393094143C37}.Release|x64.ActiveCfg = Release|x64
		{617E2A5C-0CFB-4368-881A-393094143C37}.Release|x64.Build.0 = Release|x64
		{617E2A5C-0CFB-4368-881A-393094143C37}.Release|x86.ActiveCfg = Release|Win32
		{617E2A5C-0CFB-4368-881A-393094143C37}.Release|x86.Build.0 = Release|Win32
	EndGlobalSection
	GlobalSection(SolutionProperties) = preSolution
		HideSolutionNode = FALSE
	EndGlobalSection
	GlobalSection(ExtensibilityGlobals) = postSolution
		SolutionGuid = {1C0B4394-6611-4909-B306-1A063AF0B82E}
	EndGlobalSection
EndGlobal
